GEMESPACIADO  remote: https://rubygems.org/ESPACIADO  specs:ESPACIADO    addressable (2.8.4)ESPACIADO      public_suffix (>= 2.0.2, < 6.0)ESPACIADO    colorator (1.1.0)ESPACIADO    concurrent-ruby (1.2.2)ESPACIADO    em-websocket (0.5.3)ESPACIADO      eventmachine (>= 0.12.9)ESPACIADO      http_parser.rb (~> 0)ESPACIADO    eventmachine (1.2.7)ESPACIADO    ffi (1.15.5-x64-mingw-ucrt)ESPACIADO    forwardable-extended (2.6.0)ESPACIADO    google-protobuf (3.22.3-x64-mingw-ucrt)ESPACIADO    http_parser.rb (0.8.0)ESPACIADO    i18n (1.12.0)ESPACIADO      concurrent-ruby (~> 1.0)ESPACIADO    jekyll (4.3.2)ESPACIADO      addressable (~> 2.4)ESPACIADO      colorator (~> 1.0)ESPACIADO      em-websocket (~> 0.5)ESPACIADO      i18n (~> 1.0)ESPACIADO      jekyll-sass-converter (>= 2.0, < 4.0)ESPACIADO      jekyll-watch (~> 2.0)ESPACIADO      kramdown (~> 2.3, >= 2.3.1)ESPACIADO      kramdown-parser-gfm (~> 1.0)ESPACIADO      liquid (~> 4.0)ESPACIADO      mercenary (>= 0.3.6, < 0.5)ESPACIADO      pathutil (~> 0.9)ESPACIADO      rouge (>= 3.0, < 5.0)ESPACIADO      safe_yaml (~> 1.0)ESPACIADO      terminal-table (>= 1.8, < 4.0)ESPACIADO      webrick (~> 1.7)ESPACIADO    jekyll-sass-converter (3.0.0)ESPACIADO      sass-embedded (~> 1.54)ESPACIADO    jekyll-watch (2.2.1)ESPACIADO      listen (~> 3.0)ESPACIADO    kramdown (2.4.0)ESPACIADO      rexmlESPACIADO    kramdown-parser-gfm (1.1.0)ESPACIADO      kramdown (~> 2.0)ESPACIADO    liquid (4.0.4)ESPACIADO    listen (3.8.0)ESPACIADO      rb-fsevent (~> 0.10, >= 0.10.3)ESPACIADO      rb-inotify (~> 0.9, >= 0.9.10)ESPACIADO    mercenary (0.4.0)ESPACIADO    pathutil (0.16.2)ESPACIADO      forwardable-extended (~> 2.6)ESPACIADO    public_suffix (5.0.1)ESPACIADO    rb-fsevent (0.11.2)ESPACIADO    rb-inotify (0.10.1)ESPACIADO      ffi (~> 1.0)ESPACIADO    rexml (3.2.5)ESPACIADO    rouge (4.1.0)ESPACIADO    safe_yaml (1.0.5)ESPACIADO    sass-embedded (1.62.0-x64-mingw-ucrt)ESPACIADO      google-protobuf (~> 3.21)ESPACIADO    terminal-table (3.0.2)ESPACIADO      unicode-display_width (>= 1.1.1, < 3)ESPACIADO    unicode-display_width (2.4.2)ESPACIADO    webrick (1.8.1)ESPACIADOESPACIADOPLATFORMSESPACIADO  x64-mingw-ucrtESPACIADOESPACIADODEPENDENCIESESPACIADO  jekyll (~> 4.3)ESPACIADOESPACIADOBUNDLED WITHESPACIADO   2.4.12ESPACIADO